
Microsoft Visual Studio Solution File, Format Version 12.00
# Visual Studio Version 17
VisualStudioVersion = 17.5.33627.172
MinimumVisualStudioVersion = 10.0.40219.1
Project("{9A19103F-16F7-4668-BE54-9A1E7A4F7556}") = "dhango.Web.Sdk", "dhango.Web.Sdk\dhango.Web.Sdk.csproj", "{C369AF65-C58B-47A0-9D45-F075B7427700}"
EndProject
Project("{9A19103F-16F7-4668-BE54-9A1E7A4F7556}") = "dhango.Web.Sdk.Tests", "dhango.Web.Sdk.Tests\dhango.Web.Sdk.Tests.csproj", "{1CFBF1EE-60D0-44DF-9DFE-6CFF3ACC97C8}"
EndProject
Project("{9A19103F-16F7-4668-BE54-9A1E7A4F7556}") = "dhango.Web.Demo", "dhango.Web.Demo\dhango.Web.Demo.csproj", "{AC2EDDE9-969A-4601-B278-DE5946FFC529}"
EndProject
Global
	GlobalSection(SolutionConfigurationPlatforms) = preSolution
		Debug|Any CPU = Debug|Any CPU
		Release|Any CPU = Release|Any CPU
	EndGlobalSection
	GlobalSection(ProjectConfigurationPlatforms) = postSolution
		{C369AF65-C58B-47A0-9D45-F075B7427700}.Debug|Any CPU.ActiveCfg = Debug|Any CPU
		{C369AF65-C58B-47A0-9D45-F075B7427700}.Debug|Any CPU.Build.0 = Debug|Any CPU
		{C369AF65-C58B-47A0-9D45-F075B7427700}.Release|Any CPU.ActiveCfg = Release|Any CPU
		{C369AF65-C58B-47A0-9D45-F075B7427700}.Release|Any CPU.Build.0 = Release|Any CPU
		{1CFBF1EE-60D0-44DF-9DFE-6CFF3ACC97C8}.Debug|Any CPU.ActiveCfg = Debug|Any CPU
		{1CFBF1EE-60D0-44DF-9DFE-6CFF3ACC97C8}.Debug|Any CPU.Build.0 = Debug|Any CPU
		{1CFBF1EE-60D0-44DF-9DFE-6CFF3ACC97C8}.Release|Any CPU.ActiveCfg = Release|Any CPU
		{1CFBF1EE-60D0-44DF-9DFE-6CFF3ACC97C8}.Release|Any CPU.Build.0 = Release|Any CPU
		{AC2EDDE9-969A-4601-B278-DE5946FFC529}.Debug|Any CPU.ActiveCfg = Debug|Any CPU
		{AC2EDDE9-969A-4601-B278-DE5946FFC529}.Debug|Any CPU.Build.0 = Debug|Any CPU
		{AC2EDDE9-969A-4601-B278-DE5946FFC529}.Release|Any CPU.ActiveCfg = Release|Any CPU
		{AC2EDDE9-969A-4601-B278-DE5946FFC529}.Release|Any CPU.Build.0 = Release|Any CPU
	EndGlobalSection
	GlobalSection(SolutionProperties) = preSolution
		HideSolutionNode = FALSE
	EndGlobalSection
	GlobalSection(ExtensibilityGlobals) = postSolution
		SolutionGuid = {33544166-6FE4-4B50-AFB4-7E2543592134}
	EndGlobalSection
EndGlobal
